
Microsoft Visual Studio Solution File, Format Version 12.00
# Visual Studio 15
VisualStudioVersion = 15.0.33026.149
MinimumVisualStudioVersion = 10.0.40219.1
Project("{FAE04EC0-301F-11D3-BF4B-00C04F79EFBC}") = "Minimum", "Minimum\Minimum.csproj", "{364D68EE-7417-4E25-A8D8-5D09257973A1}"
EndProject
Global
	GlobalSection(SolutionConfigurationPlatforms) = preSolution
		Debug|Any CPU = Debug|Any CPU
		Release|Any CPU = Release|Any CPU
	EndGlobalSection
	GlobalSection(ProjectConfigurationPlatforms) = postSolution
		{364D68EE-7417-4E25-A8D8-5D09257973A1}.Debug|Any CPU.ActiveCfg = Debug|Any CPU
		{364D68EE-7417-4E25-A8D8-5D09257973A1}.Debug|Any CPU.Build.0 = Debug|Any CPU
		{364D68EE-7417-4E25-A8D8-5D09257973A1}.Release|Any CPU.ActiveCfg = Release|Any CPU
		{364D68EE-7417-4E25-A8D8-5D09257973A1}.Release|Any CPU.Build.0 = Release|Any CPU
	EndGlobalSection
	GlobalSection(SolutionProperties) = preSolution
		HideSolutionNode = FALSE
	EndGlobalSection
	GlobalSection(ExtensibilityGlobals) = postSolution
		SolutionGuid = {1EA1423E-E74D-4DDA-AFC2-7503074BF49E}
	EndGlobalSection
EndGlobal
